
Microsoft Visual Studio Solution File, Format Version 12.00
# Visual Studio Version 16
VisualStudioVersion = 16.0.30804.86
MinimumVisualStudioVersion = 10.0.40219.1
Project("{FAE04EC0-301F-11D3-BF4B-00C04F79EFBC}") = "SoundHive", "SoundHive\SoundHive.csproj", "{DE73C71D-18AB-43BF-9984-D117057AB0A4}"
EndProject
Global
	GlobalSection(SolutionConfigurationPlatforms) = preSolution
		Debug|Any CPU = Debug|Any CPU
		Release|Any CPU = Release|Any CPU
	EndGlobalSection
	GlobalSection(ProjectConfigurationPlatforms) = postSolution
		{DE73C71D-18AB-43BF-9984-D117057AB0A4}.Debug|Any CPU.ActiveCfg = Debug|Any CPU
		{DE73C71D-18AB-43BF-9984-D117057AB0A4}.Debug|Any CPU.Build.0 = Debug|Any CPU
		{DE73C71D-18AB-43BF-9984-D117057AB0A4}.Release|Any CPU.ActiveCfg = Release|Any CPU
		{DE73C71D-18AB-43BF-9984-D117057AB0A4}.Release|Any CPU.Build.0 = Release|Any CPU
	EndGlobalSection
	GlobalSection(SolutionProperties) = preSolution
		HideSolutionNode = FALSE
	EndGlobalSection
	GlobalSection(ExtensibilityGlobals) = postSolution
		SolutionGuid = {FB623829-04BC-4D2C-9B76-18637CEFB5E1}
	EndGlobalSection
EndGlobal
